// !$*UTF8*$!
{
	archiveVersion = 1;
	classes = {
	};
	objectVersion = 46;
	objects = {

/* Begin PBXBuildFile section */
		1524B5E7013E6DE0A301CB6B /* Pods_KRSNA.framework in Frameworks */ = {isa = PBXBuildFile; fileRef = ACC84CF006505303F613A88A /* Pods_KRSNA.framework */; };
		431849761DF8B02400615C63 /* ReadStoriesTableViewCell.swift in Sources */ = {isa = PBXBuildFile; fileRef = 431849751DF8B02400615C63 /* ReadStoriesTableViewCell.swift */; };
		433E17C31DF5EFF50079075D /* Post.swift in Sources */ = {isa = PBXBuildFile; fileRef = 433E17C21DF5EFF50079075D /* Post.swift */; };
		433E17C61DF5FA0F0079075D /* ColorCode.swift in Sources */ = {isa = PBXBuildFile; fileRef = 433E17C41DF5FA0F0079075D /* ColorCode.swift */; };
		433E17C71DF5FA0F0079075D /* ColorCodeExtensions.swift in Sources */ = {isa = PBXBuildFile; fileRef = 433E17C51DF5FA0F0079075D /* ColorCodeExtensions.swift */; };
		433E17CA1DF5FA400079075D /* Extensions.swift in Sources */ = {isa = PBXBuildFile; fileRef = 433E17C91DF5FA400079075D /* Extensions.swift */; };
		433E17CD1DF5FA610079075D /* CAPSPageMenu.swift in Sources */ = {isa = PBXBuildFile; fileRef = 433E17CC1DF5FA610079075D /* CAPSPageMenu.swift */; };
		433E17D01DF5FA750079075D /* DeviceSizes.swift in Sources */ = {isa = PBXBuildFile; fileRef = 433E17CF1DF5FA750079075D /* DeviceSizes.swift */; };
		433E17D41DF5FAA80079075D /* Toast.swift in Sources */ = {isa = PBXBuildFile; fileRef = 433E17D31DF5FAA80079075D /* Toast.swift */; };
		433E17D71DF5FAC40079075D /* ActivityIndicator.swift in Sources */ = {isa = PBXBuildFile; fileRef = 433E17D61DF5FAC40079075D /* ActivityIndicator.swift */; };
		433E17D91DF5FACC0079075D /* Utils.swift in Sources */ = {isa = PBXBuildFile; fileRef = 433E17D81DF5FACC0079075D /* Utils.swift */; };
		433E17DE1DF6006B0079075D /* FetchData.swift in Sources */ = {isa = PBXBuildFile; fileRef = 433E17DD1DF6006B0079075D /* FetchData.swift */; };
		433E17E11DF60C0F0079075D /* ExploreTableViewController.swift in Sources */ = {isa = PBXBuildFile; fileRef = 433E17E01DF60C0F0079075D /* ExploreTableViewController.swift */; };
		433E17E31DF60C2A0079075D /* AboutTableViewController.swift in Sources */ = {isa = PBXBuildFile; fileRef = 433E17E21DF60C2A0079075D /* AboutTableViewController.swift */; };
		433E17E51DF60C6C0079075D /* KrishnaViewController.swift in Sources */ = {isa = PBXBuildFile; fileRef = 433E17E41DF60C6C0079075D /* KrishnaViewController.swift */; };
		433E17E71DF6154B0079075D /* StoriesTableViewCell.swift in Sources */ = {isa = PBXBuildFile; fileRef = 433E17E61DF6154B0079075D /* StoriesTableViewCell.swift */; };
		435871831E0DEC8D00D348CB /* VerseContentTableViewCell.swift in Sources */ = {isa = PBXBuildFile; fileRef = 435871821E0DEC8D00D348CB /* VerseContentTableViewCell.swift */; };
		435871861E0DF17000D348CB /* ChapterVersesDisplayCollectionViewController.swift in Sources */ = {isa = PBXBuildFile; fileRef = 435871851E0DF17000D348CB /* ChapterVersesDisplayCollectionViewController.swift */; };
		435871881E0DF1ED00D348CB /* ChapterVersesDisplayCollectionViewCell.swift in Sources */ = {isa = PBXBuildFile; fileRef = 435871871E0DF1ED00D348CB /* ChapterVersesDisplayCollectionViewCell.swift */; };
		435A80281DF2E87700ED983E /* LoginAndSignUpViewController.swift in Sources */ = {isa = PBXBuildFile; fileRef = 435A80271DF2E87700ED983E /* LoginAndSignUpViewController.swift */; };
		435CC30F1E054E4A0029CC25 /* Pods_KRSNA.framework in Sources */ = {isa = PBXBuildFile; fileRef = ACC84CF006505303F613A88A /* Pods_KRSNA.framework */; };
		436839551E05C77600DB7F6D /* Verse.swift in Sources */ = {isa = PBXBuildFile; fileRef = 436839541E05C77600DB7F6D /* Verse.swift */; };
		436839571E05EF4F00DB7F6D /* ChapterVerseTableViewCell.swift in Sources */ = {isa = PBXBuildFile; fileRef = 436839561E05EF4F00DB7F6D /* ChapterVerseTableViewCell.swift */; };
		436B69881E05AEB100938B85 /* ChapterListTableViewCell.swift in Sources */ = {isa = PBXBuildFile; fileRef = 436B69871E05AEB100938B85 /* ChapterListTableViewCell.swift */; };
		436B698B1E05B0DF00938B85 /* Chapter.swift in Sources */ = {isa = PBXBuildFile; fileRef = 436B698A1E05B0DF00938B85 /* Chapter.swift */; };
		4385DD141DFD7AE50049B894 /* AllPostsDisplayTableViewController.swift in Sources */ = {isa = PBXBuildFile; fileRef = 4385DD131DFD7AE50049B894 /* AllPostsDisplayTableViewController.swift */; };
		439166551DF624F500BC8D97 /* PostDisplayViewController.swift in Sources */ = {isa = PBXBuildFile; fileRef = 439166541DF624F500BC8D97 /* PostDisplayViewController.swift */; };
		439166571DF64EE200BC8D97 /* Assets.xcassets in Resources */ = {isa = PBXBuildFile; fileRef = 439166561DF64EE200BC8D97 /* Assets.xcassets */; };
		43941C121E006AA400A8E365 /* ImageCollectionViewCell.swift in Sources */ = {isa = PBXBuildFile; fileRef = 43941C111E006AA400A8E365 /* ImageCollectionViewCell.swift */; };
		43C5D5C51DE99FC800F41854 /* AppDelegate.swift in Sources */ = {isa = PBXBuildFile; fileRef = 43C5D5C41DE99FC800F41854 /* AppDelegate.swift */; };
		43C5D5CC1DE99FC800F41854 /* Main.storyboard in Resources */ = {isa = PBXBuildFile; fileRef = 43C5D5CA1DE99FC800F41854 /* Main.storyboard */; };
		43C5D5D11DE99FC800F41854 /* LaunchScreen.storyboard in Resources */ = {isa = PBXBuildFile; fileRef = 43C5D5CF1DE99FC800F41854 /* LaunchScreen.storyboard */; };
		43C5D5DC1DE99FC800F41854 /* KRSNATests.swift in Sources */ = {isa = PBXBuildFile; fileRef = 43C5D5DB1DE99FC800F41854 /* KRSNATests.swift */; };
		43C5D5E71DE99FC800F41854 /* KRSNAUITests.swift in Sources */ = {isa = PBXBuildFile; fileRef = 43C5D5E61DE99FC800F41854 /* KRSNAUITests.swift */; };
		43C5D5F51DE9A04E00F41854 /* StoriesTableViewController.swift in Sources */ = {isa = PBXBuildFile; fileRef = 43C5D5F41DE9A04E00F41854 /* StoriesTableViewController.swift */; };
		43C5D5F71DE9A18100F41854 /* GoogleService-Info.plist in Resources */ = {isa = PBXBuildFile; fileRef = 43C5D5F61DE9A18100F41854 /* GoogleService-Info.plist */; };
		43C5D5F81DE9A18100F41854 /* GoogleService-Info.plist in Resources */ = {isa = PBXBuildFile; fileRef = 43C5D5F61DE9A18100F41854 /* GoogleService-Info.plist */; };
		43C5D5F91DE9A18100F41854 /* GoogleService-Info.plist in Resources */ = {isa = PBXBuildFile; fileRef = 43C5D5F61DE9A18100F41854 /* GoogleService-Info.plist */; };
		43DAC3521E057AEB004F9667 /* ListOfChatpersTableViewController.swift in Sources */ = {isa = PBXBuildFile; fileRef = 43DAC3511E057AEB004F9667 /* ListOfChatpersTableViewController.swift */; };
		43DAC3541E057E57004F9667 /* ChapterVersesTableViewController.swift in Sources */ = {isa = PBXBuildFile; fileRef = 43DAC3531E057E57004F9667 /* ChapterVersesTableViewController.swift */; };
		43DAC3561E057E77004F9667 /* ChapterOverviewViewController.swift in Sources */ = {isa = PBXBuildFile; fileRef = 43DAC3551E057E77004F9667 /* ChapterOverviewViewController.swift */; };
		43DAC3581E058334004F9667 /* GitaPageMenuViewController.swift in Sources */ = {isa = PBXBuildFile; fileRef = 43DAC3571E058334004F9667 /* GitaPageMenuViewController.swift */; };
		43DAC35F1E058503004F9667 /* AtaGlanceCollectionViewController.swift in Sources */ = {isa = PBXBuildFile; fileRef = 43DAC35E1E058503004F9667 /* AtaGlanceCollectionViewController.swift */; };
		43DAC3611E05855C004F9667 /* Gita_AboutViewController.swift in Sources */ = {isa = PBXBuildFile; fileRef = 43DAC3601E05855C004F9667 /* Gita_AboutViewController.swift */; };
		43DB621C1E01C4DD00906BF6 /* NamesCollectionViewController.swift in Sources */ = {isa = PBXBuildFile; fileRef = 43DB621B1E01C4DD00906BF6 /* NamesCollectionViewController.swift */; };
		43DB62201E01D2DD00906BF6 /* QuotesCollectionViewController.swift in Sources */ = {isa = PBXBuildFile; fileRef = 43DB621F1E01D2DD00906BF6 /* QuotesCollectionViewController.swift */; };
		9A5518D20395E5FC101F30DA /* Pods_KRSNATests.framework in Frameworks */ = {isa = PBXBuildFile; fileRef = F69FFB0F33E8946CBD5114C4 /* Pods_KRSNATests.framework */; };
		FDAB39C2CB11D999EFD14F13 /* Pods_KRSNAUITests.framework in Frameworks */ = {isa = PBXBuildFile; fileRef = F46F2112AEF0D95694D80BBD /* Pods_KRSNAUITests.framework */; };
/* End PBXBuildFile section */

/* Begin PBXContainerItemProxy section */
		43C5D5D81DE99FC800F41854 /* PBXContainerItemProxy */ = {
			isa = PBXContainerItemProxy;
			containerPortal = 43C5D5B91DE99FC800F41854 /* Project object */;
			proxyType = 1;
			remoteGlobalIDString = 43C5D5C01DE99FC800F41854;
			remoteInfo = KRSNA;
		};
		43C5D5E31DE99FC800F41854 /* PBXContainerItemProxy */ = {
			isa = PBXContainerItemProxy;
			containerPortal = 43C5D5B91DE99FC800F41854 /* Project object */;
			proxyType = 1;
			remoteGlobalIDString = 43C5D5C01DE99FC800F41854;
			remoteInfo = KRSNA;
		};
/* End PBXContainerItemProxy section */

/* Begin PBXFileReference section */
		1CC7C10222A06087D54E72B2 /* Pods-KRSNA.release.xcconfig */ = {isa = PBXFileReference; includeInIndex = 1; lastKnownFileType = text.xcconfig; name = "Pods-KRSNA.release.xcconfig"; path = "Pods/Target Support Files/Pods-KRSNA/Pods-KRSNA.release.xcconfig"; sourceTree = "<group>"; };
		299F3282634495017D811380 /* Pods-KRSNA.debug.xcconfig */ = {isa = PBXFileReference; includeInIndex = 1; lastKnownFileType = text.xcconfig; name = "Pods-KRSNA.debug.xcconfig"; path = "Pods/Target Support Files/Pods-KRSNA/Pods-KRSNA.debug.xcconfig"; sourceTree = "<group>"; };
		431849751DF8B02400615C63 /* ReadStoriesTableViewCell.swift */ = {isa = PBXFileReference; fileEncoding = 4; lastKnownFileType = sourcecode.swift; path = ReadStoriesTableViewCell.swift; sourceTree = "<group>"; };
		433E17C21DF5EFF50079075D /* Post.swift */ = {isa = PBXFileReference; fileEncoding = 4; lastKnownFileType = sourcecode.swift; path = Post.swift; sourceTree = "<group>"; };
		433E17C41DF5FA0F0079075D /* ColorCode.swift */ = {isa = PBXFileReference; fileEncoding = 4; lastKnownFileType = sourcecode.swift; path = ColorCode.swift; sourceTree = "<group>"; };
		433E17C51DF5FA0F0079075D /* ColorCodeExtensions.swift */ = {isa = PBXFileReference; fileEncoding = 4; lastKnownFileType = sourcecode.swift; path = ColorCodeExtensions.swift; sourceTree = "<group>"; };
		433E17C91DF5FA400079075D /* Extensions.swift */ = {isa = PBXFileReference; fileEncoding = 4; lastKnownFileType = sourcecode.swift; path = Extensions.swift; sourceTree = "<group>"; };
		433E17CC1DF5FA610079075D /* CAPSPageMenu.swift */ = {isa = PBXFileReference; fileEncoding = 4; lastKnownFileType = sourcecode.swift; path = CAPSPageMenu.swift; sourceTree = "<group>"; };
		433E17CF1DF5FA750079075D /* DeviceSizes.swift */ = {isa = PBXFileReference; fileEncoding = 4; lastKnownFileType = sourcecode.swift; path = DeviceSizes.swift; sourceTree = "<group>"; };
		433E17D31DF5FAA80079075D /* Toast.swift */ = {isa = PBXFileReference; fileEncoding = 4; lastKnownFileType = sourcecode.swift; path = Toast.swift; sourceTree = "<group>"; };
		433E17D61DF5FAC40079075D /* ActivityIndicator.swift */ = {isa = PBXFileReference; fileEncoding = 4; lastKnownFileType = sourcecode.swift; path = ActivityIndicator.swift; sourceTree = "<group>"; };
		433E17D81DF5FACC0079075D /* Utils.swift */ = {isa = PBXFileReference; fileEncoding = 4; lastKnownFileType = sourcecode.swift; path = Utils.swift; sourceTree = "<group>"; };
		433E17DD1DF6006B0079075D /* FetchData.swift */ = {isa = PBXFileReference; fileEncoding = 4; lastKnownFileType = sourcecode.swift; path = FetchData.swift; sourceTree = "<group>"; };
		433E17E01DF60C0F0079075D /* ExploreTableViewController.swift */ = {isa = PBXFileReference; fileEncoding = 4; lastKnownFileType = sourcecode.swift; path = ExploreTableViewController.swift; sourceTree = "<group>"; };
		433E17E21DF60C2A0079075D /* AboutTableViewController.swift */ = {isa = PBXFileReference; fileEncoding = 4; lastKnownFileType = sourcecode.swift; path = AboutTableViewController.swift; sourceTree = "<group>"; };
		433E17E41DF60C6C0079075D /* KrishnaViewController.swift */ = {isa = PBXFileReference; fileEncoding = 4; lastKnownFileType = sourcecode.swift; path = KrishnaViewController.swift; sourceTree = "<group>"; };
		433E17E61DF6154B0079075D /* StoriesTableViewCell.swift */ = {isa = PBXFileReference; fileEncoding = 4; lastKnownFileType = sourcecode.swift; path = StoriesTableViewCell.swift; sourceTree = "<group>"; };
		435871821E0DEC8D00D348CB /* VerseContentTableViewCell.swift */ = {isa = PBXFileReference; fileEncoding = 4; lastKnownFileType = sourcecode.swift; path = VerseContentTableViewCell.swift; sourceTree = "<group>"; };
		435871851E0DF17000D348CB /* ChapterVersesDisplayCollectionViewController.swift */ = {isa = PBXFileReference; fileEncoding = 4; lastKnownFileType = sourcecode.swift; path = ChapterVersesDisplayCollectionViewController.swift; sourceTree = "<group>"; };
		435871871E0DF1ED00D348CB /* ChapterVersesDisplayCollectionViewCell.swift */ = {isa = PBXFileReference; fileEncoding = 4; lastKnownFileType = sourcecode.swift; path = ChapterVersesDisplayCollectionViewCell.swift; sourceTree = "<group>"; };
		435A80271DF2E87700ED983E /* LoginAndSignUpViewController.swift */ = {isa = PBXFileReference; fileEncoding = 4; lastKnownFileType = sourcecode.swift; path = LoginAndSignUpViewController.swift; sourceTree = "<group>"; };
		436839541E05C77600DB7F6D /* Verse.swift */ = {isa = PBXFileReference; fileEncoding = 4; lastKnownFileType = sourcecode.swift; path = Verse.swift; sourceTree = "<group>"; };
		436839561E05EF4F00DB7F6D /* ChapterVerseTableViewCell.swift */ = {isa = PBXFileReference; fileEncoding = 4; lastKnownFileType = sourcecode.swift; path = ChapterVerseTableViewCell.swift; sourceTree = "<group>"; };
		436B69871E05AEB100938B85 /* ChapterListTableViewCell.swift */ = {isa = PBXFileReference; fileEncoding = 4; lastKnownFileType = sourcecode.swift; path = ChapterListTableViewCell.swift; sourceTree = "<group>"; };
		436B698A1E05B0DF00938B85 /* Chapter.swift */ = {isa = PBXFileReference; fileEncoding = 4; lastKnownFileType = sourcecode.swift; path = Chapter.swift; sourceTree = "<group>"; };
		436F1BFE1DE9BE0800B4F2D4 /* KRSNA.entitlements */ = {isa = PBXFileReference; lastKnownFileType = text.plist.entitlements; path = KRSNA.entitlements; sourceTree = "<group>"; };
		4385DD131DFD7AE50049B894 /* AllPostsDisplayTableViewController.swift */ = {isa = PBXFileReference; fileEncoding = 4; lastKnownFileType = sourcecode.swift; path = AllPostsDisplayTableViewController.swift; sourceTree = "<group>"; };
		439166541DF624F500BC8D97 /* PostDisplayViewController.swift */ = {isa = PBXFileReference; fileEncoding = 4; lastKnownFileType = sourcecode.swift; path = PostDisplayViewController.swift; sourceTree = "<group>"; };
		439166561DF64EE200BC8D97 /* Assets.xcassets */ = {isa = PBXFileReference; lastKnownFileType = folder.assetcatalog; path = Assets.xcassets; sourceTree = "<group>"; };
		43941C111E006AA400A8E365 /* ImageCollectionViewCell.swift */ = {isa = PBXFileReference; fileEncoding = 4; lastKnownFileType = sourcecode.swift; path = ImageCollectionViewCell.swift; sourceTree = "<group>"; };
		43C5D5C11DE99FC800F41854 /* KRSNA.app */ = {isa = PBXFileReference; explicitFileType = wrapper.application; includeInIndex = 0; path = KRSNA.app; sourceTree = BUILT_PRODUCTS_DIR; };
		43C5D5C41DE99FC800F41854 /* AppDelegate.swift */ = {isa = PBXFileReference; lastKnownFileType = sourcecode.swift; path = AppDelegate.swift; sourceTree = "<group>"; };
		43C5D5CB1DE99FC800F41854 /* Base */ = {isa = PBXFileReference; lastKnownFileType = file.storyboard; name = Base; path = Base.lproj/Main.storyboard; sourceTree = "<group>"; };
		43C5D5D01DE99FC800F41854 /* Base */ = {isa = PBXFileReference; lastKnownFileType = file.storyboard; name = Base; path = Base.lproj/LaunchScreen.storyboard; sourceTree = "<group>"; };
		43C5D5D21DE99FC800F41854 /* Info.plist */ = {isa = PBXFileReference; lastKnownFileType = text.plist.xml; path = Info.plist; sourceTree = "<group>"; };
		43C5D5D71DE99FC800F41854 /* KRSNATests.xctest */ = {isa = PBXFileReference; explicitFileType = wrapper.cfbundle; includeInIndex = 0; path = KRSNATests.xctest; sourceTree = BUILT_PRODUCTS_DIR; };
		43C5D5DB1DE99FC800F41854 /* KRSNATests.swift */ = {isa = PBXFileReference; lastKnownFileType = sourcecode.swift; path = KRSNATests.swift; sourceTree = "<group>"; };
		43C5D5DD1DE99FC800F41854 /* Info.plist */ = {isa = PBXFileReference; lastKnownFileType = text.plist.xml; path = Info.plist; sourceTree = "<group>"; };
		43C5D5E21DE99FC800F41854 /* KRSNAUITests.xctest */ = {isa = PBXFileReference; explicitFileType = wrapper.cfbundle; includeInIndex = 0; path = KRSNAUITests.xctest; sourceTree = BUILT_PRODUCTS_DIR; };
		43C5D5E61DE99FC800F41854 /* KRSNAUITests.swift */ = {isa = PBXFileReference; lastKnownFileType = sourcecode.swift; path = KRSNAUITests.swift; sourceTree = "<group>"; };
		43C5D5E81DE99FC800F41854 /* Info.plist */ = {isa = PBXFileReference; lastKnownFileType = text.plist.xml; path = Info.plist; sourceTree = "<group>"; };
		43C5D5F41DE9A04E00F41854 /* StoriesTableViewController.swift */ = {isa = PBXFileReference; fileEncoding = 4; lastKnownFileType = sourcecode.swift; path = StoriesTableViewController.swift; sourceTree = "<group>"; };
		43C5D5F61DE9A18100F41854 /* GoogleService-Info.plist */ = {isa = PBXFileReference; fileEncoding = 4; lastKnownFileType = text.plist.xml; path = "GoogleService-Info.plist"; sourceTree = "<group>"; };
		43DAC3511E057AEB004F9667 /* ListOfChatpersTableViewController.swift */ = {isa = PBXFileReference; fileEncoding = 4; lastKnownFileType = sourcecode.swift; path = ListOfChatpersTableViewController.swift; sourceTree = "<group>"; };
		43DAC3531E057E57004F9667 /* ChapterVersesTableViewController.swift */ = {isa = PBXFileReference; fileEncoding = 4; lastKnownFileType = sourcecode.swift; path = ChapterVersesTableViewController.swift; sourceTree = "<group>"; };
		43DAC3551E057E77004F9667 /* ChapterOverviewViewController.swift */ = {isa = PBXFileReference; fileEncoding = 4; lastKnownFileType = sourcecode.swift; path = ChapterOverviewViewController.swift; sourceTree = "<group>"; };
		43DAC3571E058334004F9667 /* GitaPageMenuViewController.swift */ = {isa = PBXFileReference; fileEncoding = 4; lastKnownFileType = sourcecode.swift; path = GitaPageMenuViewController.swift; sourceTree = "<group>"; };
		43DAC35E1E058503004F9667 /* AtaGlanceCollectionViewController.swift */ = {isa = PBXFileReference; fileEncoding = 4; lastKnownFileType = sourcecode.swift; path = AtaGlanceCollectionViewController.swift; sourceTree = "<group>"; };
		43DAC3601E05855C004F9667 /* Gita_AboutViewController.swift */ = {isa = PBXFileReference; fileEncoding = 4; lastKnownFileType = sourcecode.swift; path = Gita_AboutViewController.swift; sourceTree = "<group>"; };
		43DB621B1E01C4DD00906BF6 /* NamesCollectionViewController.swift */ = {isa = PBXFileReference; fileEncoding = 4; lastKnownFileType = sourcecode.swift; path = NamesCollectionViewController.swift; sourceTree = "<group>"; };
		43DB621F1E01D2DD00906BF6 /* QuotesCollectionViewController.swift */ = {isa = PBXFileReference; fileEncoding = 4; lastKnownFileType = sourcecode.swift; path = QuotesCollectionViewController.swift; sourceTree = "<group>"; };
		45CFFD40B6D5733F5F457070 /* Pods-KRSNAUITests.debug.xcconfig */ = {isa = PBXFileReference; includeInIndex = 1; lastKnownFileType = text.xcconfig; name = "Pods-KRSNAUITests.debug.xcconfig"; path = "Pods/Target Support Files/Pods-KRSNAUITests/Pods-KRSNAUITests.debug.xcconfig"; sourceTree = "<group>"; };
		A7A071772A021830826AF781 /* Pods-KRSNATests.release.xcconfig */ = {isa = PBXFileReference; includeInIndex = 1; lastKnownFileType = text.xcconfig; name = "Pods-KRSNATests.release.xcconfig"; path = "Pods/Target Support Files/Pods-KRSNATests/Pods-KRSNATests.release.xcconfig"; sourceTree = "<group>"; };
		ACC84CF006505303F613A88A /* Pods_KRSNA.framework */ = {isa = PBXFileReference; explicitFileType = wrapper.framework; includeInIndex = 0; path = Pods_KRSNA.framework; sourceTree = BUILT_PRODUCTS_DIR; };
		BA066B71919F29CBE42CBFD8 /* Pods-KRSNAUITests.release.xcconfig */ = {isa = PBXFileReference; includeInIndex = 1; lastKnownFileType = text.xcconfig; name = "Pods-KRSNAUITests.release.xcconfig"; path = "Pods/Target Support Files/Pods-KRSNAUITests/Pods-KRSNAUITests.release.xcconfig"; sourceTree = "<group>"; };
		F46F2112AEF0D95694D80BBD /* Pods_KRSNAUITests.framework */ = {isa = PBXFileReference; explicitFileType = wrapper.framework; includeInIndex = 0; path = Pods_KRSNAUITests.framework; sourceTree = BUILT_PRODUCTS_DIR; };
		F69FFB0F33E8946CBD5114C4 /* Pods_KRSNATests.framework */ = {isa = PBXFileReference; explicitFileType = wrapper.framework; includeInIndex = 0; path = Pods_KRSNATests.framework; sourceTree = BUILT_PRODUCTS_DIR; };
		FE1CF5CF7614573957471273 /* Pods-KRSNATests.debug.xcconfig */ = {isa = PBXFileReference; includeInIndex = 1; lastKnownFileType = text.xcconfig; name = "Pods-KRSNATests.debug.xcconfig"; path = "Pods/Target Support Files/Pods-KRSNATests/Pods-KRSNATests.debug.xcconfig"; sourceTree = "<group>"; };
/* End PBXFileReference section */

/* Begin PBXFrameworksBuildPhase section */
		43C5D5BE1DE99FC800F41854 /* Frameworks */ = {
			isa = PBXFrameworksBuildPhase;
			buildActionMask = 2147483647;
			files = (
				1524B5E7013E6DE0A301CB6B /* Pods_KRSNA.framework in Frameworks */,
			);
			runOnlyForDeploymentPostprocessing = 0;
		};
		43C5D5D41DE99FC800F41854 /* Frameworks */ = {
			isa = PBXFrameworksBuildPhase;
			buildActionMask = 2147483647;
			files = (
				9A5518D20395E5FC101F30DA /* Pods_KRSNATests.framework in Frameworks */,
			);
			runOnlyForDeploymentPostprocessing = 0;
		};
		43C5D5DF1DE99FC800F41854 /* Frameworks */ = {
			isa = PBXFrameworksBuildPhase;
			buildActionMask = 2147483647;
			files = (
				FDAB39C2CB11D999EFD14F13 /* Pods_KRSNAUITests.framework in Frameworks */,
			);
			runOnlyForDeploymentPostprocessing = 0;
		};
/* End PBXFrameworksBuildPhase section */

/* Begin PBXGroup section */
		3FA09A3AE29A25932A065052 /* Frameworks */ = {
			isa = PBXGroup;
			children = (
				ACC84CF006505303F613A88A /* Pods_KRSNA.framework */,
				F69FFB0F33E8946CBD5114C4 /* Pods_KRSNATests.framework */,
				F46F2112AEF0D95694D80BBD /* Pods_KRSNAUITests.framework */,
			);
			name = Frameworks;
			sourceTree = "<group>";
		};
		432CDDAD1DF1CB4B0016C4F2 /* Views */ = {
			isa = PBXGroup;
			children = (
				43C5D5CA1DE99FC800F41854 /* Main.storyboard */,
				43C5D5CF1DE99FC800F41854 /* LaunchScreen.storyboard */,
			);
			name = Views;
			sourceTree = "<group>";
		};
		432CDDAE1DF1CB580016C4F2 /* Controllers */ = {
			isa = PBXGroup;
			children = (
				43DAC35D1E05837F004F9667 /* LoginAndSingUp */,
				4385DD1B1DFDD44A0049B894 /* CollectionViewCells */,
				433E17E81DF615520079075D /* TableViewCells */,
				43DAC34F1E057A95004F9667 /* Tabs */,
			);
			name = Controllers;
			sourceTree = "<group>";
		};
		432CDDAF1DF1CB730016C4F2 /* Modals */ = {
			isa = PBXGroup;
			children = (
				436F1BFE1DE9BE0800B4F2D4 /* KRSNA.entitlements */,
			);
			name = Modals;
			sourceTree = "<group>";
		};
		433E17C11DF5EFE30079075D /* Services */ = {
			isa = PBXGroup;
			children = (
				436B69891E05B0BA00938B85 /* Chapters */,
				43DAC34E1E057A75004F9667 /* Posts */,
				433E17DD1DF6006B0079075D /* FetchData.swift */,
			);
			name = Services;
			sourceTree = "<group>";
		};
		433E17C81DF5FA130079075D /* ColorCode */ = {
			isa = PBXGroup;
			children = (
				433E17C51DF5FA0F0079075D /* ColorCodeExtensions.swift */,
				433E17C41DF5FA0F0079075D /* ColorCode.swift */,
			);
			name = ColorCode;
			sourceTree = "<group>";
		};
		433E17CB1DF5FA480079075D /* Extensions */ = {
			isa = PBXGroup;
			children = (
				433E17C91DF5FA400079075D /* Extensions.swift */,
			);
			name = Extensions;
			sourceTree = "<group>";
		};
		433E17CE1DF5FA650079075D /* PageMenu */ = {
			isa = PBXGroup;
			children = (
				433E17CC1DF5FA610079075D /* CAPSPageMenu.swift */,
			);
			name = PageMenu;
			sourceTree = "<group>";
		};
		433E17D21DF5FA8B0079075D /* Utilities */ = {
			isa = PBXGroup;
			children = (
				433E17D51DF5FAB00079075D /* Toast */,
				433E17CE1DF5FA650079075D /* PageMenu */,
				433E17CB1DF5FA480079075D /* Extensions */,
				433E17C81DF5FA130079075D /* ColorCode */,
				433E17DB1DF5FAF40079075D /* ActivityIndicator */,
				433E17CF1DF5FA750079075D /* DeviceSizes.swift */,
				433E17D81DF5FACC0079075D /* Utils.swift */,
			);
			name = Utilities;
			sourceTree = "<group>";
		};
		433E17D51DF5FAB00079075D /* Toast */ = {
			isa = PBXGroup;
			children = (
				433E17D31DF5FAA80079075D /* Toast.swift */,
			);
			name = Toast;
			sourceTree = "<group>";
		};
		433E17DB1DF5FAF40079075D /* ActivityIndicator */ = {
			isa = PBXGroup;
			children = (
				433E17D61DF5FAC40079075D /* ActivityIndicator.swift */,
			);
			name = ActivityIndicator;
			sourceTree = "<group>";
		};
		433E17DC1DF6003D0079075D /* Supporting Files */ = {
			isa = PBXGroup;
			children = (
			);
			name = "Supporting Files";
			sourceTree = "<group>";
		};
		433E17DF1DF60BDE0079075D /* Krishna */ = {
			isa = PBXGroup;
			children = (
				433E17E41DF60C6C0079075D /* KrishnaViewController.swift */,
				4385DD151DFD910F0049B894 /* Stories */,
				4385DD171DFD912A0049B894 /* Explore */,
				4385DD161DFD91220049B894 /* About */,
				43DB621E1E01CCB900906BF6 /* Quotes */,
				4385DD181DFD91390049B894 /* Names */,
			);
			name = Krishna;
			sourceTree = "<group>";
		};
		433E17E81DF615520079075D /* TableViewCells */ = {
			isa = PBXGroup;
			children = (
				433E17E61DF6154B0079075D /* StoriesTableViewCell.swift */,
				436B69871E05AEB100938B85 /* ChapterListTableViewCell.swift */,
				436839561E05EF4F00DB7F6D /* ChapterVerseTableViewCell.swift */,
				435871821E0DEC8D00D348CB /* VerseContentTableViewCell.swift */,
				431849751DF8B02400615C63 /* ReadStoriesTableViewCell.swift */,
			);
			name = TableViewCells;
			sourceTree = "<group>";
		};
		435871841E0DF14100D348CB /* Verses */ = {
			isa = PBXGroup;
			children = (
				435871851E0DF17000D348CB /* ChapterVersesDisplayCollectionViewController.swift */,
			);
			name = Verses;
			sourceTree = "<group>";
		};
		436839531E05C75E00DB7F6D /* Verses */ = {
			isa = PBXGroup;
			children = (
				436839541E05C77600DB7F6D /* Verse.swift */,
			);
			name = Verses;
			sourceTree = "<group>";
		};
		436B69891E05B0BA00938B85 /* Chapters */ = {
			isa = PBXGroup;
			children = (
				436B698A1E05B0DF00938B85 /* Chapter.swift */,
				436839531E05C75E00DB7F6D /* Verses */,
			);
			name = Chapters;
			sourceTree = "<group>";
		};
		4385DD151DFD910F0049B894 /* Stories */ = {
			isa = PBXGroup;
			children = (
				4385DD131DFD7AE50049B894 /* AllPostsDisplayTableViewController.swift */,
				43C5D5F41DE9A04E00F41854 /* StoriesTableViewController.swift */,
			);
			name = Stories;
			sourceTree = "<group>";
		};
		4385DD161DFD91220049B894 /* About */ = {
			isa = PBXGroup;
			children = (
				433E17E21DF60C2A0079075D /* AboutTableViewController.swift */,
			);
			name = About;
			sourceTree = "<group>";
		};
		4385DD171DFD912A0049B894 /* Explore */ = {
			isa = PBXGroup;
			children = (
				433E17E01DF60C0F0079075D /* ExploreTableViewController.swift */,
			);
			name = Explore;
			sourceTree = "<group>";
		};
		4385DD181DFD91390049B894 /* Names */ = {
			isa = PBXGroup;
			children = (
				43DB621B1E01C4DD00906BF6 /* NamesCollectionViewController.swift */,
			);
			name = Names;
			sourceTree = "<group>";
		};
		4385DD1B1DFDD44A0049B894 /* CollectionViewCells */ = {
			isa = PBXGroup;
			children = (
				43941C111E006AA400A8E365 /* ImageCollectionViewCell.swift */,
				435871871E0DF1ED00D348CB /* ChapterVersesDisplayCollectionViewCell.swift */,
			);
			name = CollectionViewCells;
			sourceTree = "<group>";
		};
		43C5D5B81DE99FC800F41854 = {
			isa = PBXGroup;
			children = (
				43C5D5C31DE99FC800F41854 /* KRSNA */,
				43C5D5DA1DE99FC800F41854 /* KRSNATests */,
				43C5D5E51DE99FC800F41854 /* KRSNAUITests */,
				43C5D5C21DE99FC800F41854 /* Products */,
				AE849F3C1F33E476ED749003 /* Pods */,
				3FA09A3AE29A25932A065052 /* Frameworks */,
			);
			sourceTree = "<group>";
		};
		43C5D5C21DE99FC800F41854 /* Products */ = {
			isa = PBXGroup;
			children = (
				43C5D5C11DE99FC800F41854 /* KRSNA.app */,
				43C5D5D71DE99FC800F41854 /* KRSNATests.xctest */,
				43C5D5E21DE99FC800F41854 /* KRSNAUITests.xctest */,
			);
			name = Products;
			sourceTree = "<group>";
		};
		43C5D5C31DE99FC800F41854 /* KRSNA */ = {
			isa = PBXGroup;
			children = (
				43C5D5C41DE99FC800F41854 /* AppDelegate.swift */,
				432CDDAF1DF1CB730016C4F2 /* Modals */,
				432CDDAD1DF1CB4B0016C4F2 /* Views */,
				432CDDAE1DF1CB580016C4F2 /* Controllers */,
				433E17C11DF5EFE30079075D /* Services */,
				439166561DF64EE200BC8D97 /* Assets.xcassets */,
				433E17D21DF5FA8B0079075D /* Utilities */,
				433E17DC1DF6003D0079075D /* Supporting Files */,
				43C5D5F61DE9A18100F41854 /* GoogleService-Info.plist */,
				43C5D5D21DE99FC800F41854 /* Info.plist */,
			);
			path = KRSNA;
			sourceTree = "<group>";
		};
		43C5D5DA1DE99FC800F41854 /* KRSNATests */ = {
			isa = PBXGroup;
			children = (
				43C5D5DB1DE99FC800F41854 /* KRSNATests.swift */,
				43C5D5DD1DE99FC800F41854 /* Info.plist */,
			);
			path = KRSNATests;
			sourceTree = "<group>";
		};
		43C5D5E51DE99FC800F41854 /* KRSNAUITests */ = {
			isa = PBXGroup;
			children = (
				43C5D5E61DE99FC800F41854 /* KRSNAUITests.swift */,
				43C5D5E81DE99FC800F41854 /* Info.plist */,
			);
			path = KRSNAUITests;
			sourceTree = "<group>";
		};
		43DAC34E1E057A75004F9667 /* Posts */ = {
			isa = PBXGroup;
			children = (
				433E17C21DF5EFF50079075D /* Post.swift */,
				439166541DF624F500BC8D97 /* PostDisplayViewController.swift */,
			);
			name = Posts;
			sourceTree = "<group>";
		};
		43DAC34F1E057A95004F9667 /* Tabs */ = {
			isa = PBXGroup;
			children = (
				43DAC3501E057AAD004F9667 /* Gita */,
				433E17DF1DF60BDE0079075D /* Krishna */,
			);
			name = Tabs;
			sourceTree = "<group>";
		};
		43DAC3501E057AAD004F9667 /* Gita */ = {
			isa = PBXGroup;
			children = (
				43DAC3571E058334004F9667 /* GitaPageMenuViewController.swift */,
				43DAC3591E058344004F9667 /* Chapters */,
				43DAC35C1E058360004F9667 /* About */,
				43DAC35B1E058354004F9667 /* At a Glance */,
			);
			name = Gita;
			sourceTree = "<group>";
		};
		43DAC3591E058344004F9667 /* Chapters */ = {
			isa = PBXGroup;
			children = (
				43DAC3511E057AEB004F9667 /* ListOfChatpersTableViewController.swift */,
				43DAC3531E057E57004F9667 /* ChapterVersesTableViewController.swift */,
				43DAC3551E057E77004F9667 /* ChapterOverviewViewController.swift */,
				435871841E0DF14100D348CB /* Verses */,
			);
			name = Chapters;
			sourceTree = "<group>";
		};
		43DAC35B1E058354004F9667 /* At a Glance */ = {
			isa = PBXGroup;
			children = (
				43DAC35E1E058503004F9667 /* AtaGlanceCollectionViewController.swift */,
			);
			name = "At a Glance";
			sourceTree = "<group>";
		};
		43DAC35C1E058360004F9667 /* About */ = {
			isa = PBXGroup;
			children = (
				43DAC3601E05855C004F9667 /* Gita_AboutViewController.swift */,
			);
			name = About;
			sourceTree = "<group>";
		};
		43DAC35D1E05837F004F9667 /* LoginAndSingUp */ = {
			isa = PBXGroup;
			children = (
				435A80271DF2E87700ED983E /* LoginAndSignUpViewController.swift */,
			);
			name = LoginAndSingUp;
			sourceTree = "<group>";
		};
		43DB621E1E01CCB900906BF6 /* Quotes */ = {
			isa = PBXGroup;
			children = (
				43DB621F1E01D2DD00906BF6 /* QuotesCollectionViewController.swift */,
			);
			name = Quotes;
			sourceTree = "<group>";
		};
		AE849F3C1F33E476ED749003 /* Pods */ = {
			isa = PBXGroup;
			children = (
				299F3282634495017D811380 /* Pods-KRSNA.debug.xcconfig */,
				1CC7C10222A06087D54E72B2 /* Pods-KRSNA.release.xcconfig */,
				FE1CF5CF7614573957471273 /* Pods-KRSNATests.debug.xcconfig */,
				A7A071772A021830826AF781 /* Pods-KRSNATests.release.xcconfig */,
				45CFFD40B6D5733F5F457070 /* Pods-KRSNAUITests.debug.xcconfig */,
				BA066B71919F29CBE42CBFD8 /* Pods-KRSNAUITests.release.xcconfig */,
			);
			name = Pods;
			sourceTree = "<group>";
		};
/* End PBXGroup section */

/* Begin PBXNativeTarget section */
		43C5D5C01DE99FC800F41854 /* KRSNA */ = {
			isa = PBXNativeTarget;
			buildConfigurationList = 43C5D5EB1DE99FC800F41854 /* Build configuration list for PBXNativeTarget "KRSNA" */;
			buildPhases = (
				CB3725C6193357EF95B6748E /* [CP] Check Pods Manifest.lock */,
				43C5D5BD1DE99FC800F41854 /* Sources */,
				43C5D5BE1DE99FC800F41854 /* Frameworks */,
				43C5D5BF1DE99FC800F41854 /* Resources */,
				CBAA9EC7D22EEE200BD2B403 /* [CP] Embed Pods Frameworks */,
				966D2C274913EA8AB885013B /* [CP] Copy Pods Resources */,
			);
			buildRules = (
			);
			dependencies = (
			);
			name = KRSNA;
			productName = KRSNA;
			productReference = 43C5D5C11DE99FC800F41854 /* KRSNA.app */;
			productType = "com.apple.product-type.application";
		};
		43C5D5D61DE99FC800F41854 /* KRSNATests */ = {
			isa = PBXNativeTarget;
			buildConfigurationList = 43C5D5EE1DE99FC800F41854 /* Build configuration list for PBXNativeTarget "KRSNATests" */;
			buildPhases = (
				C0D32066DDA185D7E908D78F /* [CP] Check Pods Manifest.lock */,
				43C5D5D31DE99FC800F41854 /* Sources */,
				43C5D5D41DE99FC800F41854 /* Frameworks */,
				43C5D5D51DE99FC800F41854 /* Resources */,
				C2872C53019BED02F314E1C5 /* [CP] Embed Pods Frameworks */,
				51F9B0E07A33F7F239FE8DF7 /* [CP] Copy Pods Resources */,
			);
			buildRules = (
			);
			dependencies = (
				43C5D5D91DE99FC800F41854 /* PBXTargetDependency */,
			);
			name = KRSNATests;
			productName = KRSNATests;
			productReference = 43C5D5D71DE99FC800F41854 /* KRSNATests.xctest */;
			productType = "com.apple.product-type.bundle.unit-test";
		};
		43C5D5E11DE99FC800F41854 /* KRSNAUITests */ = {
			isa = PBXNativeTarget;
			buildConfigurationList = 43C5D5F11DE99FC800F41854 /* Build configuration list for PBXNativeTarget "KRSNAUITests" */;
			buildPhases = (
				304AC99CA7D6E07D7EDD6260 /* [CP] Check Pods Manifest.lock */,
				43C5D5DE1DE99FC800F41854 /* Sources */,
				43C5D5DF1DE99FC800F41854 /* Frameworks */,
				43C5D5E01DE99FC800F41854 /* Resources */,
				0357B129C0524A1CA2028AA0 /* [CP] Embed Pods Frameworks */,
				4D5232FD879E4CB5CE44CDF7 /* [CP] Copy Pods Resources */,
			);
			buildRules = (
			);
			dependencies = (
				43C5D5E41DE99FC800F41854 /* PBXTargetDependency */,
			);
			name = KRSNAUITests;
			productName = KRSNAUITests;
			productReference = 43C5D5E21DE99FC800F41854 /* KRSNAUITests.xctest */;
			productType = "com.apple.product-type.bundle.ui-testing";
		};
/* End PBXNativeTarget section */

/* Begin PBXProject section */
		43C5D5B91DE99FC800F41854 /* Project object */ = {
			isa = PBXProject;
			attributes = {
				LastSwiftUpdateCheck = 0810;
				LastUpgradeCheck = 0810;
				ORGANIZATIONNAME = "Kush Taneja";
				TargetAttributes = {
					43C5D5C01DE99FC800F41854 = {
						CreatedOnToolsVersion = 8.1;
						DevelopmentTeam = JTK792GD3V;
						ProvisioningStyle = Automatic;
						SystemCapabilities = {
							com.apple.Keychain = {
								enabled = 1;
							};
						};
					};
					43C5D5D61DE99FC800F41854 = {
						CreatedOnToolsVersion = 8.1;
						DevelopmentTeam = JTK792GD3V;
						ProvisioningStyle = Automatic;
						TestTargetID = 43C5D5C01DE99FC800F41854;
					};
					43C5D5E11DE99FC800F41854 = {
						CreatedOnToolsVersion = 8.1;
						DevelopmentTeam = JTK792GD3V;
						ProvisioningStyle = Automatic;
						TestTargetID = 43C5D5C01DE99FC800F41854;
					};
				};
			};
			buildConfigurationList = 43C5D5BC1DE99FC800F41854 /* Build configuration list for PBXProject "KRSNA" */;
			compatibilityVersion = "Xcode 3.2";
			developmentRegion = English;
			hasScannedForEncodings = 0;
			knownRegions = (
				en,
				Base,
			);
			mainGroup = 43C5D5B81DE99FC800F41854;
			productRefGroup = 43C5D5C21DE99FC800F41854 /* Products */;
			projectDirPath = "";
			projectRoot = "";
			targets = (
				43C5D5C01DE99FC800F41854 /* KRSNA */,
				43C5D5D61DE99FC800F41854 /* KRSNATests */,
				43C5D5E11DE99FC800F41854 /* KRSNAUITests */,
			);
		};
/* End PBXProject section */

/* Begin PBXResourcesBuildPhase section */
		43C5D5BF1DE99FC800F41854 /* Resources */ = {
			isa = PBXResourcesBuildPhase;
			buildActionMask = 2147483647;
			files = (
				43C5D5D11DE99FC800F41854 /* LaunchScreen.storyboard in Resources */,
				43C5D5F71DE9A18100F41854 /* GoogleService-Info.plist in Resources */,
				439166571DF64EE200BC8D97 /* Assets.xcassets in Resources */,
				43C5D5CC1DE99FC800F41854 /* Main.storyboard in Resources */,
			);
			runOnlyForDeploymentPostprocessing = 0;
		};
		43C5D5D51DE99FC800F41854 /* Resources */ = {
			isa = PBXResourcesBuildPhase;
			buildActionMask = 2147483647;
			files = (
				43C5D5F81DE9A18100F41854 /* GoogleService-Info.plist in Resources */,
			);
			runOnlyForDeploymentPostprocessing = 0;
		};
		43C5D5E01DE99FC800F41854 /* Resources */ = {
			isa = PBXResourcesBuildPhase;
			buildActionMask = 2147483647;
			files = (
				43C5D5F91DE9A18100F41854 /* GoogleService-Info.plist in Resources */,
			);
			runOnlyForDeploymentPostprocessing = 0;
		};
/* End PBXResourcesBuildPhase section */

/* Begin PBXShellScriptBuildPhase section */
		0357B129C0524A1CA2028AA0 /* [CP] Embed Pods Frameworks */ = {
			isa = PBXShellScriptBuildPhase;
			buildActionMask = 2147483647;
			files = (
			);
			inputPaths = (
			);
			name = "[CP] Embed Pods Frameworks";
			outputPaths = (
			);
			runOnlyForDeploymentPostprocessing = 0;
			shellPath = /bin/sh;
			shellScript = "\"${SRCROOT}/Pods/Target Support Files/Pods-KRSNAUITests/Pods-KRSNAUITests-frameworks.sh\"\n";
			showEnvVarsInLog = 0;
		};
		304AC99CA7D6E07D7EDD6260 /* [CP] Check Pods Manifest.lock */ = {
			isa = PBXShellScriptBuildPhase;
			buildActionMask = 2147483647;
			files = (
			);
			inputPaths = (
			);
			name = "[CP] Check Pods Manifest.lock";
			outputPaths = (
			);
			runOnlyForDeploymentPostprocessing = 0;
			shellPath = /bin/sh;
			shellScript = "diff \"${PODS_ROOT}/../Podfile.lock\" \"${PODS_ROOT}/Manifest.lock\" > /dev/null\nif [ $? != 0 ] ; then\n    # print error to STDERR\n    echo \"error: The sandbox is not in sync with the Podfile.lock. Run 'pod install' or update your CocoaPods installation.\" >&2\n    exit 1\nfi\n";
			showEnvVarsInLog = 0;
		};
		4D5232FD879E4CB5CE44CDF7 /* [CP] Copy Pods Resources */ = {
			isa = PBXShellScriptBuildPhase;
			buildActionMask = 2147483647;
			files = (
			);
			inputPaths = (
			);
			name = "[CP] Copy Pods Resources";
			outputPaths = (
			);
			runOnlyForDeploymentPostprocessing = 0;
			shellPath = /bin/sh;
			shellScript = "\"${SRCROOT}/Pods/Target Support Files/Pods-KRSNAUITests/Pods-KRSNAUITests-resources.sh\"\n";
			showEnvVarsInLog = 0;
		};
		51F9B0E07A33F7F239FE8DF7 /* [CP] Copy Pods Resources */ = {
			isa = PBXShellScriptBuildPhase;
			buildActionMask = 2147483647;
			files = (
			);
			inputPaths = (
			);
			name = "[CP] Copy Pods Resources";
			outputPaths = (
			);
			runOnlyForDeploymentPostprocessing = 0;
			shellPath = /bin/sh;
			shellScript = "\"${SRCROOT}/Pods/Target Support Files/Pods-KRSNATests/Pods-KRSNATests-resources.sh\"\n";
			showEnvVarsInLog = 0;
		};
		966D2C274913EA8AB885013B /* [CP] Copy Pods Resources */ = {
			isa = PBXShellScriptBuildPhase;
			buildActionMask = 2147483647;
			files = (
			);
			inputPaths = (
			);
			name = "[CP] Copy Pods Resources";
			outputPaths = (
			);
			runOnlyForDeploymentPostprocessing = 0;
			shellPath = /bin/sh;
			shellScript = "\"${SRCROOT}/Pods/Target Support Files/Pods-KRSNA/Pods-KRSNA-resources.sh\"\n";
			showEnvVarsInLog = 0;
		};
		C0D32066DDA185D7E908D78F /* [CP] Check Pods Manifest.lock */ = {
			isa = PBXShellScriptBuildPhase;
			buildActionMask = 2147483647;
			files = (
			);
			inputPaths = (
			);
			name = "[CP] Check Pods Manifest.lock";
			outputPaths = (
			);
			runOnlyForDeploymentPostprocessing = 0;
			shellPath = /bin/sh;
			shellScript = "diff \"${PODS_ROOT}/../Podfile.lock\" \"${PODS_ROOT}/Manifest.lock\" > /dev/null\nif [ $? != 0 ] ; then\n    # print error to STDERR\n    echo \"error: The sandbox is not in sync with the Podfile.lock. Run 'pod install' or update your CocoaPods installation.\" >&2\n    exit 1\nfi\n";
			showEnvVarsInLog = 0;
		};
		C2872C53019BED02F314E1C5 /* [CP] Embed Pods Frameworks */ = {
			isa = PBXShellScriptBuildPhase;
			buildActionMask = 2147483647;
			files = (
			);
			inputPaths = (
			);
			name = "[CP] Embed Pods Frameworks";
			outputPaths = (
			);
			runOnlyForDeploymentPostprocessing = 0;
			shellPath = /bin/sh;
			shellScript = "\"${SRCROOT}/Pods/Target Support Files/Pods-KRSNATests/Pods-KRSNATests-frameworks.sh\"\n";
			showEnvVarsInLog = 0;
		};
		CB3725C6193357EF95B6748E /* [CP] Check Pods Manifest.lock */ = {
			isa = PBXShellScriptBuildPhase;
			buildActionMask = 2147483647;
			files = (
			);
			inputPaths = (
			);
			name = "[CP] Check Pods Manifest.lock";
			outputPaths = (
			);
			runOnlyForDeploymentPostprocessing = 0;
			shellPath = /bin/sh;
			shellScript = "diff \"${PODS_ROOT}/../Podfile.lock\" \"${PODS_ROOT}/Manifest.lock\" > /dev/null\nif [ $? != 0 ] ; then\n    # print error to STDERR\n    echo \"error: The sandbox is not in sync with the Podfile.lock. Run 'pod install' or update your CocoaPods installation.\" >&2\n    exit 1\nfi\n";
			showEnvVarsInLog = 0;
		};
		CBAA9EC7D22EEE200BD2B403 /* [CP] Embed Pods Frameworks */ = {
			isa = PBXShellScriptBuildPhase;
			buildActionMask = 2147483647;
			files = (
			);
			inputPaths = (
			);
			name = "[CP] Embed Pods Frameworks";
			outputPaths = (
			);
			runOnlyForDeploymentPostprocessing = 0;
			shellPath = /bin/sh;
			shellScript = "\"${SRCROOT}/Pods/Target Support Files/Pods-KRSNA/Pods-KRSNA-frameworks.sh\"\n";
			showEnvVarsInLog = 0;
		};
/* End PBXShellScriptBuildPhase section */

/* Begin PBXSourcesBuildPhase section */
		43C5D5BD1DE99FC800F41854 /* Sources */ = {
			isa = PBXSourcesBuildPhase;
			buildActionMask = 2147483647;
			files = (
				43DAC3541E057E57004F9667 /* ChapterVersesTableViewController.swift in Sources */,
				435871861E0DF17000D348CB /* ChapterVersesDisplayCollectionViewController.swift in Sources */,
				435CC30F1E054E4A0029CC25 /* Pods_KRSNA.framework in Sources */,
				43C5D5C51DE99FC800F41854 /* AppDelegate.swift in Sources */,
				433E17C31DF5EFF50079075D /* Post.swift in Sources */,
				435871831E0DEC8D00D348CB /* VerseContentTableViewCell.swift in Sources */,
				43C5D5F51DE9A04E00F41854 /* StoriesTableViewController.swift in Sources */,
				436839571E05EF4F00DB7F6D /* ChapterVerseTableViewCell.swift in Sources */,
				436B69881E05AEB100938B85 /* ChapterListTableViewCell.swift in Sources */,
				435A80281DF2E87700ED983E /* LoginAndSignUpViewController.swift in Sources */,
				433E17E71DF6154B0079075D /* StoriesTableViewCell.swift in Sources */,
				433E17E11DF60C0F0079075D /* ExploreTableViewController.swift in Sources */,
				433E17E51DF60C6C0079075D /* KrishnaViewController.swift in Sources */,
				433E17C71DF5FA0F0079075D /* ColorCodeExtensions.swift in Sources */,
				433E17D71DF5FAC40079075D /* ActivityIndicator.swift in Sources */,
				433E17C61DF5FA0F0079075D /* ColorCode.swift in Sources */,
				4385DD141DFD7AE50049B894 /* AllPostsDisplayTableViewController.swift in Sources */,
				43941C121E006AA400A8E365 /* ImageCollectionViewCell.swift in Sources */,
				436B698B1E05B0DF00938B85 /* Chapter.swift in Sources */,
				43DAC35F1E058503004F9667 /* AtaGlanceCollectionViewController.swift in Sources */,
				433E17CD1DF5FA610079075D /* CAPSPageMenu.swift in Sources */,
				439166551DF624F500BC8D97 /* PostDisplayViewController.swift in Sources */,
				433E17D41DF5FAA80079075D /* Toast.swift in Sources */,
				435871881E0DF1ED00D348CB /* ChapterVersesDisplayCollectionViewCell.swift in Sources */,
				43DB621C1E01C4DD00906BF6 /* NamesCollectionViewController.swift in Sources */,
				436839551E05C77600DB7F6D /* Verse.swift in Sources */,
				431849761DF8B02400615C63 /* ReadStoriesTableViewCell.swift in Sources */,
				433E17CA1DF5FA400079075D /* Extensions.swift in Sources */,
				433E17E31DF60C2A0079075D /* AboutTableViewController.swift in Sources */,
				43DAC3561E057E77004F9667 /* ChapterOverviewViewController.swift in Sources */,
				433E17DE1DF6006B0079075D /* FetchData.swift in Sources */,
				43DB62201E01D2DD00906BF6 /* QuotesCollectionViewController.swift in Sources */,
				43DAC3521E057AEB004F9667 /* ListOfChatpersTableViewController.swift in Sources */,
				433E17D01DF5FA750079075D /* DeviceSizes.swift in Sources */,
				43DAC3581E058334004F9667 /* GitaPageMenuViewController.swift in Sources */,
				433E17D91DF5FACC0079075D /* Utils.swift in Sources */,
				43DAC3611E05855C004F9667 /* Gita_AboutViewController.swift in Sources */,
			);
			runOnlyForDeploymentPostprocessing = 0;
		};
		43C5D5D31DE99FC800F41854 /* Sources */ = {
			isa = PBXSourcesBuildPhase;
			buildActionMask = 2147483647;
			files = (
				43C5D5DC1DE99FC800F41854 /* KRSNATests.swift in Sources */,
			);
			runOnlyForDeploymentPostprocessing = 0;
		};
		43C5D5DE1DE99FC800F41854 /* Sources */ = {
			isa = PBXSourcesBuildPhase;
			buildActionMask = 2147483647;
			files = (
				43C5D5E71DE99FC800F41854 /* KRSNAUITests.swift in Sources */,
			);
			runOnlyForDeploymentPostprocessing = 0;
		};
/* End PBXSourcesBuildPhase section */

/* Begin PBXTargetDependency section */
		43C5D5D91DE99FC800F41854 /* PBXTargetDependency */ = {
			isa = PBXTargetDependency;
			target = 43C5D5C01DE99FC800F41854 /* KRSNA */;
			targetProxy = 43C5D5D81DE99FC800F41854 /* PBXContainerItemProxy */;
		};
		43C5D5E41DE99FC800F41854 /* PBXTargetDependency */ = {
			isa = PBXTargetDependency;
			target = 43C5D5C01DE99FC800F41854 /* KRSNA */;
			targetProxy = 43C5D5E31DE99FC800F41854 /* PBXContainerItemProxy */;
		};
/* End PBXTargetDependency section */

/* Begin PBXVariantGroup section */
		43C5D5CA1DE99FC800F41854 /* Main.storyboard */ = {
			isa = PBXVariantGroup;
			children = (
				43C5D5CB1DE99FC800F41854 /* Base */,
			);
			name = Main.storyboard;
			sourceTree = "<group>";
		};
		43C5D5CF1DE99FC800F41854 /* LaunchScreen.storyboard */ = {
			isa = PBXVariantGroup;
			children = (
				43C5D5D01DE99FC800F41854 /* Base */,
			);
			name = LaunchScreen.storyboard;
			sourceTree = "<group>";
		};
/* End PBXVariantGroup section */

/* Begin XCBuildConfiguration section */
		43C5D5E91DE99FC800F41854 /* Debug */ = {
			isa = XCBuildConfiguration;
			buildSettings = {
				ALWAYS_SEARCH_USER_PATHS = NO;
				CLANG_ANALYZER_NONNULL = YES;
				CLANG_CXX_LANGUAGE_STANDARD = "gnu++0x";
				CLANG_CXX_LIBRARY = "libc++";
				CLANG_ENABLE_MODULES = YES;
				CLANG_ENABLE_OBJC_ARC = YES;
				CLANG_WARN_BOOL_CONVERSION = YES;
				CLANG_WARN_CONSTANT_CONVERSION = YES;
				CLANG_WARN_DIRECT_OBJC_ISA_USAGE = YES_ERROR;
				CLANG_WARN_DOCUMENTATION_COMMENTS = YES;
				CLANG_WARN_EMPTY_BODY = YES;
				CLANG_WARN_ENUM_CONVERSION = YES;
				CLANG_WARN_INFINITE_RECURSION = YES;
				CLANG_WARN_INT_CONVERSION = YES;
				CLANG_WARN_OBJC_ROOT_CLASS = YES_ERROR;
				CLANG_WARN_SUSPICIOUS_MOVES = YES;
				CLANG_WARN_UNREACHABLE_CODE = YES;
				CLANG_WARN__DUPLICATE_METHOD_MATCH = YES;
				"CODE_SIGN_IDENTITY[sdk=iphoneos*]" = "iPhone Developer";
				COPY_PHASE_STRIP = NO;
				DEBUG_INFORMATION_FORMAT = dwarf;
				ENABLE_STRICT_OBJC_MSGSEND = YES;
				ENABLE_TESTABILITY = YES;
				GCC_C_LANGUAGE_STANDARD = gnu99;
				GCC_DYNAMIC_NO_PIC = NO;
				GCC_NO_COMMON_BLOCKS = YES;
				GCC_OPTIMIZATION_LEVEL = 0;
				GCC_PREPROCESSOR_DEFINITIONS = (
					"DEBUG=1",
					"$(inherited)",
				);
				GCC_WARN_64_TO_32_BIT_CONVERSION = YES;
				GCC_WARN_ABOUT_RETURN_TYPE = YES_ERROR;
				GCC_WARN_UNDECLARED_SELECTOR = YES;
				GCC_WARN_UNINITIALIZED_AUTOS = YES_AGGRESSIVE;
				GCC_WARN_UNUSED_FUNCTION = YES;
				GCC_WARN_UNUSED_VARIABLE = YES;
				IPHONEOS_DEPLOYMENT_TARGET = 10.1;
				MTL_ENABLE_DEBUG_INFO = YES;
				ONLY_ACTIVE_ARCH = YES;
				SDKROOT = iphoneos;
				SWIFT_ACTIVE_COMPILATION_CONDITIONS = DEBUG;
				SWIFT_OPTIMIZATION_LEVEL = "-Onone";
				TARGETED_DEVICE_FAMILY = "1,2";
			};
			name = Debug;
		};
		43C5D5EA1DE99FC800F41854 /* Release */ = {
			isa = XCBuildConfiguration;
			buildSettings = {
				ALWAYS_SEARCH_USER_PATHS = NO;
				CLANG_ANALYZER_NONNULL = YES;
				CLANG_CXX_LANGUAGE_STANDARD = "gnu++0x";
				CLANG_CXX_LIBRARY = "libc++";
				CLANG_ENABLE_MODULES = YES;
				CLANG_ENABLE_OBJC_ARC = YES;
				CLANG_WARN_BOOL_CONVERSION = YES;
				CLANG_WARN_CONSTANT_CONVERSION = YES;
				CLANG_WARN_DIRECT_OBJC_ISA_USAGE = YES_ERROR;
				CLANG_WARN_DOCUMENTATION_COMMENTS = YES;
				CLANG_WARN_EMPTY_BODY = YES;
				CLANG_WARN_ENUM_CONVERSION = YES;
				CLANG_WARN_INFINITE_RECURSION = YES;
				CLANG_WARN_INT_CONVERSION = YES;
				CLANG_WARN_OBJC_ROOT_CLASS = YES_ERROR;
				CLANG_WARN_SUSPICIOUS_MOVES = YES;
				CLANG_WARN_UNREACHABLE_CODE = YES;
				CLANG_WARN__DUPLICATE_METHOD_MATCH = YES;
				"CODE_SIGN_IDENTITY[sdk=iphoneos*]" = "iPhone Developer";
				COPY_PHASE_STRIP = NO;
				DEBUG_INFORMATION_FORMAT = "dwarf-with-dsym";
				ENABLE_NS_ASSERTIONS = NO;
				ENABLE_STRICT_OBJC_MSGSEND = YES;
				GCC_C_LANGUAGE_STANDARD = gnu99;
				GCC_NO_COMMON_BLOCKS = YES;
				GCC_WARN_64_TO_32_BIT_CONVERSION = YES;
				GCC_WARN_ABOUT_RETURN_TYPE = YES_ERROR;
				GCC_WARN_UNDECLARED_SELECTOR = YES;
				GCC_WARN_UNINITIALIZED_AUTOS = YES_AGGRESSIVE;
				GCC_WARN_UNUSED_FUNCTION = YES;
				GCC_WARN_UNUSED_VARIABLE = YES;
				IPHONEOS_DEPLOYMENT_TARGET = 10.1;
				MTL_ENABLE_DEBUG_INFO = NO;
				SDKROOT = iphoneos;
				SWIFT_OPTIMIZATION_LEVEL = "-Owholemodule";
				TARGETED_DEVICE_FAMILY = "1,2";
				VALIDATE_PRODUCT = YES;
			};
			name = Release;
		};
		43C5D5EC1DE99FC800F41854 /* Debug */ = {
			isa = XCBuildConfiguration;
			baseConfigurationReference = 299F3282634495017D811380 /* Pods-KRSNA.debug.xcconfig */;
			buildSettings = {
				ASSETCATALOG_COMPILER_APPICON_NAME = AppIcon;
				CODE_SIGN_ENTITLEMENTS = KRSNA/KRSNA.entitlements;
				CODE_SIGN_IDENTITY = "iPhone Developer";
				"CODE_SIGN_IDENTITY[sdk=iphoneos*]" = "iPhone Developer";
				DEVELOPMENT_TEAM = JTK792GD3V;
				INFOPLIST_FILE = KRSNA/Info.plist;
				IPHONEOS_DEPLOYMENT_TARGET = 10.0;
				LD_RUNPATH_SEARCH_PATHS = "$(inherited) @executable_path/Frameworks";
				PRODUCT_BUNDLE_IDENTIFIER = com.krsna.ios;
				PRODUCT_NAME = "$(TARGET_NAME)";
				SWIFT_VERSION = 3.0;
			};
			name = Debug;
		};
		43C5D5ED1DE99FC800F41854 /* Release */ = {
			isa = XCBuildConfiguration;
			baseConfigurationReference = 1CC7C10222A06087D54E72B2 /* Pods-KRSNA.release.xcconfig */;
			buildSettings = {
				ASSETCATALOG_COMPILER_APPICON_NAME = AppIcon;
				CODE_SIGN_ENTITLEMENTS = KRSNA/KRSNA.entitlements;
				CODE_SIGN_IDENTITY = "iPhone Developer";
				"CODE_SIGN_IDENTITY[sdk=iphoneos*]" = "iPhone Distribution";
				DEVELOPMENT_TEAM = JTK792GD3V;
				INFOPLIST_FILE = KRSNA/Info.plist;
				IPHONEOS_DEPLOYMENT_TARGET = 10.0;
				LD_RUNPATH_SEARCH_PATHS = "$(inherited) @executable_path/Frameworks";
				PRODUCT_BUNDLE_IDENTIFIER = com.krsna.ios;
				PRODUCT_NAME = "$(TARGET_NAME)";
				SWIFT_VERSION = 3.0;
			};
			name = Release;
		};
		43C5D5EF1DE99FC800F41854 /* Debug */ = {
			isa = XCBuildConfiguration;
			baseConfigurationReference = FE1CF5CF7614573957471273 /* Pods-KRSNATests.debug.xcconfig */;
			buildSettings = {
				ALWAYS_EMBED_SWIFT_STANDARD_LIBRARIES = YES;
				BUNDLE_LOADER = "$(TEST_HOST)";
				DEVELOPMENT_TEAM = JTK792GD3V;
				INFOPLIST_FILE = KRSNATests/Info.plist;
				LD_RUNPATH_SEARCH_PATHS = "$(inherited) @executable_path/Frameworks @loader_path/Frameworks";
				PRODUCT_BUNDLE_IDENTIFIER = com.ios.KRSNATests;
				PRODUCT_NAME = "$(TARGET_NAME)";
				SWIFT_VERSION = 3.0;
				TEST_HOST = "$(BUILT_PRODUCTS_DIR)/KRSNA.app/KRSNA";
			};
			name = Debug;
		};
		43C5D5F01DE99FC800F41854 /* Release */ = {
			isa = XCBuildConfiguration;
			baseConfigurationReference = A7A071772A021830826AF781 /* Pods-KRSNATests.release.xcconfig */;
			buildSettings = {
				ALWAYS_EMBED_SWIFT_STANDARD_LIBRARIES = YES;
				BUNDLE_LOADER = "$(TEST_HOST)";
				DEVELOPMENT_TEAM = JTK792GD3V;
				INFOPLIST_FILE = KRSNATests/Info.plist;
				LD_RUNPATH_SEARCH_PATHS = "$(inherited) @executable_path/Frameworks @loader_path/Frameworks";
				PRODUCT_BUNDLE_IDENTIFIER = com.ios.KRSNATests;
				PRODUCT_NAME = "$(TARGET_NAME)";
				SWIFT_VERSION = 3.0;
				TEST_HOST = "$(BUILT_PRODUCTS_DIR)/KRSNA.app/KRSNA";
			};
			name = Release;
		};
		43C5D5F21DE99FC800F41854 /* Debug */ = {
			isa = XCBuildConfiguration;
			baseConfigurationReference = 45CFFD40B6D5733F5F457070 /* Pods-KRSNAUITests.debug.xcconfig */;
			buildSettings = {
				ALWAYS_EMBED_SWIFT_STANDARD_LIBRARIES = YES;
				DEVELOPMENT_TEAM = JTK792GD3V;
				INFOPLIST_FILE = KRSNAUITests/Info.plist;
				LD_RUNPATH_SEARCH_PATHS = "$(inherited) @executable_path/Frameworks @loader_path/Frameworks";
				PRODUCT_BUNDLE_IDENTIFIER = com.ios.KRSNAUITests;
				PRODUCT_NAME = "$(TARGET_NAME)";
				SWIFT_VERSION = 3.0;
				TEST_TARGET_NAME = KRSNA;
			};
			name = Debug;
		};
		43C5D5F31DE99FC800F41854 /* Release */ = {
			isa = XCBuildConfiguration;
			baseConfigurationReference = BA066B71919F29CBE42CBFD8 /* Pods-KRSNAUITests.release.xcconfig */;
			buildSettings = {
				ALWAYS_EMBED_SWIFT_STANDARD_LIBRARIES = YES;
				DEVELOPMENT_TEAM = JTK792GD3V;
				INFOPLIST_FILE = KRSNAUITests/Info.plist;
				LD_RUNPATH_SEARCH_PATHS = "$(inherited) @executable_path/Frameworks @loader_path/Frameworks";
				PRODUCT_BUNDLE_IDENTIFIER = com.ios.KRSNAUITests;
				PRODUCT_NAME = "$(TARGET_NAME)";
				SWIFT_VERSION = 3.0;
				TEST_TARGET_NAME = KRSNA;
			};
			name = Release;
		};
/* End XCBuildConfiguration section */

/* Begin XCConfigurationList section */
		43C5D5BC1DE99FC800F41854 /* Build configuration list for PBXProject "KRSNA" */ = {
			isa = XCConfigurationList;
			buildConfigurations = (
				43C5D5E91DE99FC800F41854 /* Debug */,
				43C5D5EA1DE99FC800F41854 /* Release */,
			);
			defaultConfigurationIsVisible = 0;
			defaultConfigurationName = Release;
		};
		43C5D5EB1DE99FC800F41854 /* Build configuration list for PBXNativeTarget "KRSNA" */ = {
			isa = XCConfigurationList;
			buildConfigurations = (
				43C5D5EC1DE99FC800F41854 /* Debug */,
				43C5D5ED1DE99FC800F41854 /* Release */,
			);
			defaultConfigurationIsVisible = 0;
			defaultConfigurationName = Release;
		};
		43C5D5EE1DE99FC800F41854 /* Build configuration list for PBXNativeTarget "KRSNATests" */ = {
			isa = XCConfigurationList;
			buildConfigurations = (
				43C5D5EF1DE99FC800F41854 /* Debug */,
				43C5D5F01DE99FC800F41854 /* Release */,
			);
			defaultConfigurationIsVisible = 0;
			defaultConfigurationName = Release;
		};
		43C5D5F11DE99FC800F41854 /* Build configuration list for PBXNativeTarget "KRSNAUITests" */ = {
			isa = XCConfigurationList;
			buildConfigurations = (
				43C5D5F21DE99FC800F41854 /* Debug */,
				43C5D5F31DE99FC800F41854 /* Release */,
			);
			defaultConfigurationIsVisible = 0;
			defaultConfigurationName = Release;
		};
/* End XCConfigurationList section */
	};
	rootObject = 43C5D5B91DE99FC800F41854 /* Project object */;
}
